
Microsoft Visual Studio Solution File, Format Version 12.00
# Visual Studio Version 17
VisualStudioVersion = 17.7.34221.43
MinimumVisualStudioVersion = 10.0.40219.1
Project("{FAE04EC0-301F-11D3-BF4B-00C04F79EFBC}") = "API-Net", "API-Net.csproj", "{B6FF0236-022F-4DA0-B19A-88056A700E5C}"
EndProject
Global
	GlobalSection(SolutionConfigurationPlatforms) = preSolution
		Debug|Any CPU = Debug|Any CPU
		Release|Any CPU = Release|Any CPU
	EndGlobalSection
	GlobalSection(ProjectConfigurationPlatforms) = postSolution
		{B6FF0236-022F-4DA0-B19A-88056A700E5C}.Debug|Any CPU.ActiveCfg = Debug|Any CPU
		{B6FF0236-022F-4DA0-B19A-88056A700E5C}.Debug|Any CPU.Build.0 = Debug|Any CPU
		{B6FF0236-022F-4DA0-B19A-88056A700E5C}.Release|Any CPU.ActiveCfg = Release|Any CPU
		{B6FF0236-022F-4DA0-B19A-88056A700E5C}.Release|Any CPU.Build.0 = Release|Any CPU
	EndGlobalSection
	GlobalSection(SolutionProperties) = preSolution
		HideSolutionNode = FALSE
	EndGlobalSection
	GlobalSection(ExtensibilityGlobals) = postSolution
		SolutionGuid = {22EAB2F6-DB26-47E7-BC6A-21EDF3CB04A1}
	EndGlobalSection
EndGlobal
